
Microsoft Visual Studio Solution File, Format Version 12.00
# Visual Studio Version 16
VisualStudioVersion = 16.0.32630.194
MinimumVisualStudioVersion = 10.0.40219.1
Project("{FAE04EC0-301F-11D3-BF4B-00C04F79EFBC}") = "TicTacToe", "TicTacToe\TicTacToe.csproj", "{CE9AC62C-6A44-43AA-A2C3-F58B93B35687}"
EndProject
Global
	GlobalSection(SolutionConfigurationPlatforms) = preSolution
		Debug|Any CPU = Debug|Any CPU
		Release|Any CPU = Release|Any CPU
	EndGlobalSection
	GlobalSection(ProjectConfigurationPlatforms) = postSolution
		{CE9AC62C-6A44-43AA-A2C3-F58B93B35687}.Debug|Any CPU.ActiveCfg = Debug|Any CPU
		{CE9AC62C-6A44-43AA-A2C3-F58B93B35687}.Debug|Any CPU.Build.0 = Debug|Any CPU
		{CE9AC62C-6A44-43AA-A2C3-F58B93B35687}.Release|Any CPU.ActiveCfg = Release|Any CPU
		{CE9AC62C-6A44-43AA-A2C3-F58B93B35687}.Release|Any CPU.Build.0 = Release|Any CPU
	EndGlobalSection
	GlobalSection(SolutionProperties) = preSolution
		HideSolutionNode = FALSE
	EndGlobalSection
	GlobalSection(ExtensibilityGlobals) = postSolution
		SolutionGuid = {35359EC4-AF58-4D3C-982E-2AFCDD8D2EB3}
	EndGlobalSection
EndGlobal
